
Microsoft Visual Studio Solution File, Format Version 12.00
# Visual Studio Version 17
VisualStudioVersion = 17.3.32929.385
MinimumVisualStudioVersion = 10.0.40219.1
Project("{9A19103F-16F7-4668-BE54-9A1E7A4F7556}") = "153505_Kiselev_Lab8", "153505_Kiselev_Lab8\153505_Kiselev_Lab8.csproj", "{6F764EED-6173-457D-AB3F-5B3DA1004645}"
EndProject
Project("{FAE04EC0-301F-11D3-BF4B-00C04F79EFBC}") = "IndividualTask", "IndividualTask\IndividualTask.csproj", "{BEE92BA4-101F-4A29-A377-0E51613C6034}"
EndProject
Global
	GlobalSection(SolutionConfigurationPlatforms) = preSolution
		Debug|Any CPU = Debug|Any CPU
		Release|Any CPU = Release|Any CPU
	EndGlobalSection
	GlobalSection(ProjectConfigurationPlatforms) = postSolution
		{6F764EED-6173-457D-AB3F-5B3DA1004645}.Debug|Any CPU.ActiveCfg = Debug|Any CPU
		{6F764EED-6173-457D-AB3F-5B3DA1004645}.Debug|Any CPU.Build.0 = Debug|Any CPU
		{6F764EED-6173-457D-AB3F-5B3DA1004645}.Release|Any CPU.ActiveCfg = Release|Any CPU
		{6F764EED-6173-457D-AB3F-5B3DA1004645}.Release|Any CPU.Build.0 = Release|Any CPU
		{BEE92BA4-101F-4A29-A377-0E51613C6034}.Debug|Any CPU.ActiveCfg = Debug|Any CPU
		{BEE92BA4-101F-4A29-A377-0E51613C6034}.Debug|Any CPU.Build.0 = Debug|Any CPU
		{BEE92BA4-101F-4A29-A377-0E51613C6034}.Release|Any CPU.ActiveCfg = Release|Any CPU
		{BEE92BA4-101F-4A29-A377-0E51613C6034}.Release|Any CPU.Build.0 = Release|Any CPU
	EndGlobalSection
	GlobalSection(SolutionProperties) = preSolution
		HideSolutionNode = FALSE
	EndGlobalSection
	GlobalSection(ExtensibilityGlobals) = postSolution
		SolutionGuid = {A6EE058B-1CF6-4524-8E18-C85B5E5A73FD}
	EndGlobalSection
EndGlobal
