
Microsoft Visual Studio Solution File, Format Version 12.00
# Visual Studio Version 17
VisualStudioVersion = 17.3.32929.385
MinimumVisualStudioVersion = 10.0.40219.1
Project("{FAE04EC0-301F-11D3-BF4B-00C04F79EFBC}") = "153505_Kiselev_Lab7", "153505_Kiselev_Lab7\153505_Kiselev_Lab7.csproj", "{977C2A0C-C678-4AEC-8472-481F29DEB252}"
EndProject
Global
	GlobalSection(SolutionConfigurationPlatforms) = preSolution
		Debug|Any CPU = Debug|Any CPU
		Release|Any CPU = Release|Any CPU
	EndGlobalSection
	GlobalSection(ProjectConfigurationPlatforms) = postSolution
		{977C2A0C-C678-4AEC-8472-481F29DEB252}.Debug|Any CPU.ActiveCfg = Debug|Any CPU
		{977C2A0C-C678-4AEC-8472-481F29DEB252}.Debug|Any CPU.Build.0 = Debug|Any CPU
		{977C2A0C-C678-4AEC-8472-481F29DEB252}.Release|Any CPU.ActiveCfg = Release|Any CPU
		{977C2A0C-C678-4AEC-8472-481F29DEB252}.Release|Any CPU.Build.0 = Release|Any CPU
	EndGlobalSection
	GlobalSection(SolutionProperties) = preSolution
		HideSolutionNode = FALSE
	EndGlobalSection
	GlobalSection(ExtensibilityGlobals) = postSolution
		SolutionGuid = {BDCBC8D7-3438-4A19-8B3D-3B5FCA61F8F4}
	EndGlobalSection
EndGlobal
