
Microsoft Visual Studio Solution File, Format Version 12.00
# Visual Studio Version 17
VisualStudioVersion = 17.3.32825.248
MinimumVisualStudioVersion = 10.0.40219.1
Project("{FAE04EC0-301F-11D3-BF4B-00C04F79EFBC}") = "153505_Kiselev_Lab4", "153505_Kiselev_Lab4\153505_Kiselev_Lab4.csproj", "{33A79225-1CB8-48DC-AB4B-1B2E82C642AD}"
EndProject
Global
	GlobalSection(SolutionConfigurationPlatforms) = preSolution
		Debug|Any CPU = Debug|Any CPU
		Release|Any CPU = Release|Any CPU
	EndGlobalSection
	GlobalSection(ProjectConfigurationPlatforms) = postSolution
		{33A79225-1CB8-48DC-AB4B-1B2E82C642AD}.Debug|Any CPU.ActiveCfg = Debug|Any CPU
		{33A79225-1CB8-48DC-AB4B-1B2E82C642AD}.Debug|Any CPU.Build.0 = Debug|Any CPU
		{33A79225-1CB8-48DC-AB4B-1B2E82C642AD}.Release|Any CPU.ActiveCfg = Release|Any CPU
		{33A79225-1CB8-48DC-AB4B-1B2E82C642AD}.Release|Any CPU.Build.0 = Release|Any CPU
	EndGlobalSection
	GlobalSection(SolutionProperties) = preSolution
		HideSolutionNode = FALSE
	EndGlobalSection
	GlobalSection(ExtensibilityGlobals) = postSolution
		SolutionGuid = {905D8457-9FCE-40F3-B7ED-E45A997AE9EC}
	EndGlobalSection
EndGlobal
